// !$*UTF8*$!
{
	archiveVersion = 1;
	classes = {
	};
	objectVersion = 55;
	objects = {

/* Begin PBXBuildFile section */
		1106146527EF67AE008567B8 /* String+Extension.swift in Sources */ = {isa = PBXBuildFile; fileRef = 1106146427EF67AE008567B8 /* String+Extension.swift */; };
		1106146727EF67EB008567B8 /* Date+Extension.swift in Sources */ = {isa = PBXBuildFile; fileRef = 1106146627EF67EB008567B8 /* Date+Extension.swift */; };
		110DA4FA27F546EB00751813 /* MenstrualCycleModel.swift in Sources */ = {isa = PBXBuildFile; fileRef = 110DA4F927F546EB00751813 /* MenstrualCycleModel.swift */; };
		110DA50527F54CEF00751813 /* Realm in Frameworks */ = {isa = PBXBuildFile; productRef = 110DA50427F54CEF00751813 /* Realm */; };
		110DA50727F54CEF00751813 /* RealmSwift in Frameworks */ = {isa = PBXBuildFile; productRef = 110DA50627F54CEF00751813 /* RealmSwift */; };
		112F901A27F2F99500377C7F /* PrintLog.swift in Sources */ = {isa = PBXBuildFile; fileRef = 112F901927F2F99500377C7F /* PrintLog.swift */; };
		11815B5C27F1366B00ED259A /* HomeViewModel.swift in Sources */ = {isa = PBXBuildFile; fileRef = 11815B5B27F1366B00ED259A /* HomeViewModel.swift */; };
		11815B5F27F137AE00ED259A /* CommonViewModel.swift in Sources */ = {isa = PBXBuildFile; fileRef = 11815B5E27F137AE00ED259A /* CommonViewModel.swift */; };
		11AE7DC327EC6F4D0033371F /* readMoonApp.swift in Sources */ = {isa = PBXBuildFile; fileRef = 11AE7DC227EC6F4D0033371F /* readMoonApp.swift */; };
		11AE7DC527EC6F4D0033371F /* ContentView.swift in Sources */ = {isa = PBXBuildFile; fileRef = 11AE7DC427EC6F4D0033371F /* ContentView.swift */; };
		11AE7DC727EC6F4E0033371F /* Assets.xcassets in Resources */ = {isa = PBXBuildFile; fileRef = 11AE7DC627EC6F4E0033371F /* Assets.xcassets */; };
		11AE7DCA27EC6F4E0033371F /* Preview Assets.xcassets in Resources */ = {isa = PBXBuildFile; fileRef = 11AE7DC927EC6F4E0033371F /* Preview Assets.xcassets */; };
		11AE7DCC27EC6F4E0033371F /* Persistence.swift in Sources */ = {isa = PBXBuildFile; fileRef = 11AE7DCB27EC6F4E0033371F /* Persistence.swift */; };
		11AE7DCF27EC6F4E0033371F /* readMoon.xcdatamodeld in Sources */ = {isa = PBXBuildFile; fileRef = 11AE7DCD27EC6F4E0033371F /* readMoon.xcdatamodeld */; };
		11AE7DD927EC6F4E0033371F /* readMoonTests.swift in Sources */ = {isa = PBXBuildFile; fileRef = 11AE7DD827EC6F4E0033371F /* readMoonTests.swift */; };
		11AE7DE327EC6F4E0033371F /* readMoonUITests.swift in Sources */ = {isa = PBXBuildFile; fileRef = 11AE7DE227EC6F4E0033371F /* readMoonUITests.swift */; };
		11AE7DE527EC6F4E0033371F /* readMoonUITestsLaunchTests.swift in Sources */ = {isa = PBXBuildFile; fileRef = 11AE7DE427EC6F4E0033371F /* readMoonUITestsLaunchTests.swift */; };
		11AE7DF227EC702B0033371F /* HomeContentView.swift in Sources */ = {isa = PBXBuildFile; fileRef = 11AE7DF127EC702B0033371F /* HomeContentView.swift */; };
		11AE7DF727EC70CA0033371F /* SplashContentView.swift in Sources */ = {isa = PBXBuildFile; fileRef = 11AE7DF627EC70CA0033371F /* SplashContentView.swift */; };
		11AE7DFA27EDF7C00033371F /* MainTabBar.swift in Sources */ = {isa = PBXBuildFile; fileRef = 11AE7DF927EDF7C00033371F /* MainTabBar.swift */; };
		11B0B420280EC3A100F54E47 /* BottomSheetView.swift in Sources */ = {isa = PBXBuildFile; fileRef = 11B0B41F280EC3A100F54E47 /* BottomSheetView.swift */; };
		11B0B428280ED11900F54E47 /* OverlayModifier.swift in Sources */ = {isa = PBXBuildFile; fileRef = 11B0B427280ED11900F54E47 /* OverlayModifier.swift */; };
/* End PBXBuildFile section */

/* Begin PBXContainerItemProxy section */
		11AE7DD527EC6F4E0033371F /* PBXContainerItemProxy */ = {
			isa = PBXContainerItemProxy;
			containerPortal = 11AE7DB727EC6F4D0033371F /* Project object */;
			proxyType = 1;
			remoteGlobalIDString = 11AE7DBE27EC6F4D0033371F;
			remoteInfo = readMoon;
		};
		11AE7DDF27EC6F4E0033371F /* PBXContainerItemProxy */ = {
			isa = PBXContainerItemProxy;
			containerPortal = 11AE7DB727EC6F4D0033371F /* Project object */;
			proxyType = 1;
			remoteGlobalIDString = 11AE7DBE27EC6F4D0033371F;
			remoteInfo = readMoon;
		};
/* End PBXContainerItemProxy section */

/* Begin PBXFileReference section */
		1106146427EF67AE008567B8 /* String+Extension.swift */ = {isa = PBXFileReference; lastKnownFileType = sourcecode.swift; path = "String+Extension.swift"; sourceTree = "<group>"; };
		1106146627EF67EB008567B8 /* Date+Extension.swift */ = {isa = PBXFileReference; lastKnownFileType = sourcecode.swift; path = "Date+Extension.swift"; sourceTree = "<group>"; };
		110DA4F927F546EB00751813 /* MenstrualCycleModel.swift */ = {isa = PBXFileReference; lastKnownFileType = sourcecode.swift; path = MenstrualCycleModel.swift; sourceTree = "<group>"; };
		112F901927F2F99500377C7F /* PrintLog.swift */ = {isa = PBXFileReference; lastKnownFileType = sourcecode.swift; path = PrintLog.swift; sourceTree = "<group>"; };
		11815B5B27F1366B00ED259A /* HomeViewModel.swift */ = {isa = PBXFileReference; lastKnownFileType = sourcecode.swift; path = HomeViewModel.swift; sourceTree = "<group>"; };
		11815B5E27F137AE00ED259A /* CommonViewModel.swift */ = {isa = PBXFileReference; lastKnownFileType = sourcecode.swift; path = CommonViewModel.swift; sourceTree = "<group>"; };
		11AE7DBF27EC6F4D0033371F /* readMoon.app */ = {isa = PBXFileReference; explicitFileType = wrapper.application; includeInIndex = 0; path = readMoon.app; sourceTree = BUILT_PRODUCTS_DIR; };
		11AE7DC227EC6F4D0033371F /* readMoonApp.swift */ = {isa = PBXFileReference; lastKnownFileType = sourcecode.swift; path = readMoonApp.swift; sourceTree = "<group>"; };
		11AE7DC427EC6F4D0033371F /* ContentView.swift */ = {isa = PBXFileReference; lastKnownFileType = sourcecode.swift; path = ContentView.swift; sourceTree = "<group>"; };
		11AE7DC627EC6F4E0033371F /* Assets.xcassets */ = {isa = PBXFileReference; lastKnownFileType = folder.assetcatalog; path = Assets.xcassets; sourceTree = "<group>"; };
		11AE7DC927EC6F4E0033371F /* Preview Assets.xcassets */ = {isa = PBXFileReference; lastKnownFileType = folder.assetcatalog; path = "Preview Assets.xcassets"; sourceTree = "<group>"; };
		11AE7DCB27EC6F4E0033371F /* Persistence.swift */ = {isa = PBXFileReference; lastKnownFileType = sourcecode.swift; path = Persistence.swift; sourceTree = "<group>"; };
		11AE7DCE27EC6F4E0033371F /* readMoon.xcdatamodel */ = {isa = PBXFileReference; lastKnownFileType = wrapper.xcdatamodel; path = readMoon.xcdatamodel; sourceTree = "<group>"; };
		11AE7DD427EC6F4E0033371F /* readMoonTests.xctest */ = {isa = PBXFileReference; explicitFileType = wrapper.cfbundle; includeInIndex = 0; path = readMoonTests.xctest; sourceTree = BUILT_PRODUCTS_DIR; };
		11AE7DD827EC6F4E0033371F /* readMoonTests.swift */ = {isa = PBXFileReference; lastKnownFileType = sourcecode.swift; path = readMoonTests.swift; sourceTree = "<group>"; };
		11AE7DDE27EC6F4E0033371F /* readMoonUITests.xctest */ = {isa = PBXFileReference; explicitFileType = wrapper.cfbundle; includeInIndex = 0; path = readMoonUITests.xctest; sourceTree = BUILT_PRODUCTS_DIR; };
		11AE7DE227EC6F4E0033371F /* readMoonUITests.swift */ = {isa = PBXFileReference; lastKnownFileType = sourcecode.swift; path = readMoonUITests.swift; sourceTree = "<group>"; };
		11AE7DE427EC6F4E0033371F /* readMoonUITestsLaunchTests.swift */ = {isa = PBXFileReference; lastKnownFileType = sourcecode.swift; path = readMoonUITestsLaunchTests.swift; sourceTree = "<group>"; };
		11AE7DF127EC702B0033371F /* HomeContentView.swift */ = {isa = PBXFileReference; lastKnownFileType = sourcecode.swift; path = HomeContentView.swift; sourceTree = "<group>"; };
		11AE7DF627EC70CA0033371F /* SplashContentView.swift */ = {isa = PBXFileReference; lastKnownFileType = sourcecode.swift; path = SplashContentView.swift; sourceTree = "<group>"; };
		11AE7DF927EDF7C00033371F /* MainTabBar.swift */ = {isa = PBXFileReference; lastKnownFileType = sourcecode.swift; path = MainTabBar.swift; sourceTree = "<group>"; };
		11B0B41F280EC3A100F54E47 /* BottomSheetView.swift */ = {isa = PBXFileReference; lastKnownFileType = sourcecode.swift; path = BottomSheetView.swift; sourceTree = "<group>"; };
		11B0B427280ED11900F54E47 /* OverlayModifier.swift */ = {isa = PBXFileReference; lastKnownFileType = sourcecode.swift; path = OverlayModifier.swift; sourceTree = "<group>"; };
/* End PBXFileReference section */

/* Begin PBXFrameworksBuildPhase section */
		11AE7DBC27EC6F4D0033371F /* Frameworks */ = {
			isa = PBXFrameworksBuildPhase;
			buildActionMask = 2147483647;
			files = (
				110DA50727F54CEF00751813 /* RealmSwift in Frameworks */,
				110DA50527F54CEF00751813 /* Realm in Frameworks */,
			);
			runOnlyForDeploymentPostprocessing = 0;
		};
		11AE7DD127EC6F4E0033371F /* Frameworks */ = {
			isa = PBXFrameworksBuildPhase;
			buildActionMask = 2147483647;
			files = (
			);
			runOnlyForDeploymentPostprocessing = 0;
		};
		11AE7DDB27EC6F4E0033371F /* Frameworks */ = {
			isa = PBXFrameworksBuildPhase;
			buildActionMask = 2147483647;
			files = (
			);
			runOnlyForDeploymentPostprocessing = 0;
		};
/* End PBXFrameworksBuildPhase section */

/* Begin PBXGroup section */
		1106146227EF60B5008567B8 /* ViewModel */ = {
			isa = PBXGroup;
			children = (
				11815B5B27F1366B00ED259A /* HomeViewModel.swift */,
			);
			path = ViewModel;
			sourceTree = "<group>";
		};
		1106146327EF679D008567B8 /* Extensions */ = {
			isa = PBXGroup;
			children = (
				1106146427EF67AE008567B8 /* String+Extension.swift */,
				1106146627EF67EB008567B8 /* Date+Extension.swift */,
			);
			path = Extensions;
			sourceTree = "<group>";
		};
		110DA4F827F546BE00751813 /* Models */ = {
			isa = PBXGroup;
			children = (
				110DA4F927F546EB00751813 /* MenstrualCycleModel.swift */,
			);
			path = Models;
			sourceTree = "<group>";
		};
		110DA4FB27F54A9900751813 /* Frameworks */ = {
			isa = PBXGroup;
			children = (
			);
			name = Frameworks;
			sourceTree = "<group>";
		};
		112F901827F2F97F00377C7F /* Utils */ = {
			isa = PBXGroup;
			children = (
				112F901927F2F99500377C7F /* PrintLog.swift */,
			);
			path = Utils;
			sourceTree = "<group>";
		};
		11815B5D27F1379700ED259A /* Commons */ = {
			isa = PBXGroup;
			children = (
				11815B5E27F137AE00ED259A /* CommonViewModel.swift */,
			);
			path = Commons;
			sourceTree = "<group>";
		};
		11AE7DB627EC6F4D0033371F = {
			isa = PBXGroup;
			children = (
				11AE7DC127EC6F4D0033371F /* readMoon */,
				11AE7DD727EC6F4E0033371F /* readMoonTests */,
				11AE7DE127EC6F4E0033371F /* readMoonUITests */,
				11AE7DC027EC6F4D0033371F /* Products */,
				110DA4FB27F54A9900751813 /* Frameworks */,
			);
			sourceTree = "<group>";
		};
		11AE7DC027EC6F4D0033371F /* Products */ = {
			isa = PBXGroup;
			children = (
				11AE7DBF27EC6F4D0033371F /* readMoon.app */,
				11AE7DD427EC6F4E0033371F /* readMoonTests.xctest */,
				11AE7DDE27EC6F4E0033371F /* readMoonUITests.xctest */,
			);
			name = Products;
			sourceTree = "<group>";
		};
		11AE7DC127EC6F4D0033371F /* readMoon */ = {
			isa = PBXGroup;
			children = (
				112F901827F2F97F00377C7F /* Utils */,
				11815B5D27F1379700ED259A /* Commons */,
				1106146327EF679D008567B8 /* Extensions */,
				11AE7DF827EC71D60033371F /* Application */,
				11AE7DF427EC70780033371F /* Views */,
				11AE7DC427EC6F4D0033371F /* ContentView.swift */,
				11AE7DC627EC6F4E0033371F /* Assets.xcassets */,
				11AE7DCB27EC6F4E0033371F /* Persistence.swift */,
				11AE7DCD27EC6F4E0033371F /* readMoon.xcdatamodeld */,
				11AE7DC827EC6F4E0033371F /* Preview Content */,
			);
			path = readMoon;
			sourceTree = "<group>";
		};
		11AE7DC827EC6F4E0033371F /* Preview Content */ = {
			isa = PBXGroup;
			children = (
				11AE7DC927EC6F4E0033371F /* Preview Assets.xcassets */,
			);
			path = "Preview Content";
			sourceTree = "<group>";
		};
		11AE7DD727EC6F4E0033371F /* readMoonTests */ = {
			isa = PBXGroup;
			children = (
				11AE7DD827EC6F4E0033371F /* readMoonTests.swift */,
			);
			path = readMoonTests;
			sourceTree = "<group>";
		};
		11AE7DE127EC6F4E0033371F /* readMoonUITests */ = {
			isa = PBXGroup;
			children = (
				11AE7DE227EC6F4E0033371F /* readMoonUITests.swift */,
				11AE7DE427EC6F4E0033371F /* readMoonUITestsLaunchTests.swift */,
			);
			path = readMoonUITests;
			sourceTree = "<group>";
		};
		11AE7DF327EC70730033371F /* Main */ = {
			isa = PBXGroup;
			children = (
				1106146227EF60B5008567B8 /* ViewModel */,
				11AE7DF127EC702B0033371F /* HomeContentView.swift */,
				11AE7DF927EDF7C00033371F /* MainTabBar.swift */,
				11B0B41F280EC3A100F54E47 /* BottomSheetView.swift */,
				11B0B427280ED11900F54E47 /* OverlayModifier.swift */,
			);
			path = Main;
			sourceTree = "<group>";
		};
		11AE7DF427EC70780033371F /* Views */ = {
			isa = PBXGroup;
			children = (
				110DA4F827F546BE00751813 /* Models */,
				11AE7DF527EC70800033371F /* Splash */,
				11AE7DF327EC70730033371F /* Main */,
			);
			path = Views;
			sourceTree = "<group>";
		};
		11AE7DF527EC70800033371F /* Splash */ = {
			isa = PBXGroup;
			children = (
				11AE7DF627EC70CA0033371F /* SplashContentView.swift */,
			);
			path = Splash;
			sourceTree = "<group>";
		};
		11AE7DF827EC71D60033371F /* Application */ = {
			isa = PBXGroup;
			children = (
				11AE7DC227EC6F4D0033371F /* readMoonApp.swift */,
			);
			path = Application;
			sourceTree = "<group>";
		};
/* End PBXGroup section */

/* Begin PBXNativeTarget section */
		11AE7DBE27EC6F4D0033371F /* readMoon */ = {
			isa = PBXNativeTarget;
			buildConfigurationList = 11AE7DE827EC6F4E0033371F /* Build configuration list for PBXNativeTarget "readMoon" */;
			buildPhases = (
				11AE7DBB27EC6F4D0033371F /* Sources */,
				11AE7DBC27EC6F4D0033371F /* Frameworks */,
				11AE7DBD27EC6F4D0033371F /* Resources */,
			);
			buildRules = (
			);
			dependencies = (
			);
			name = readMoon;
			packageProductDependencies = (
				110DA50427F54CEF00751813 /* Realm */,
				110DA50627F54CEF00751813 /* RealmSwift */,
			);
			productName = readMoon;
			productReference = 11AE7DBF27EC6F4D0033371F /* readMoon.app */;
			productType = "com.apple.product-type.application";
		};
		11AE7DD327EC6F4E0033371F /* readMoonTests */ = {
			isa = PBXNativeTarget;
			buildConfigurationList = 11AE7DEB27EC6F4E0033371F /* Build configuration list for PBXNativeTarget "readMoonTests" */;
			buildPhases = (
				11AE7DD027EC6F4E0033371F /* Sources */,
				11AE7DD127EC6F4E0033371F /* Frameworks */,
				11AE7DD227EC6F4E0033371F /* Resources */,
			);
			buildRules = (
			);
			dependencies = (
				11AE7DD627EC6F4E0033371F /* PBXTargetDependency */,
			);
			name = readMoonTests;
			productName = readMoonTests;
			productReference = 11AE7DD427EC6F4E0033371F /* readMoonTests.xctest */;
			productType = "com.apple.product-type.bundle.unit-test";
		};
		11AE7DDD27EC6F4E0033371F /* readMoonUITests */ = {
			isa = PBXNativeTarget;
			buildConfigurationList = 11AE7DEE27EC6F4E0033371F /* Build configuration list for PBXNativeTarget "readMoonUITests" */;
			buildPhases = (
				11AE7DDA27EC6F4E0033371F /* Sources */,
				11AE7DDB27EC6F4E0033371F /* Frameworks */,
				11AE7DDC27EC6F4E0033371F /* Resources */,
			);
			buildRules = (
			);
			dependencies = (
				11AE7DE027EC6F4E0033371F /* PBXTargetDependency */,
			);
			name = readMoonUITests;
			productName = readMoonUITests;
			productReference = 11AE7DDE27EC6F4E0033371F /* readMoonUITests.xctest */;
			productType = "com.apple.product-type.bundle.ui-testing";
		};
/* End PBXNativeTarget section */

/* Begin PBXProject section */
		11AE7DB727EC6F4D0033371F /* Project object */ = {
			isa = PBXProject;
			attributes = {
				BuildIndependentTargetsInParallel = 1;
				LastSwiftUpdateCheck = 1300;
				LastUpgradeCheck = 1300;
				TargetAttributes = {
					11AE7DBE27EC6F4D0033371F = {
						CreatedOnToolsVersion = 13.0;
					};
					11AE7DD327EC6F4E0033371F = {
						CreatedOnToolsVersion = 13.0;
						TestTargetID = 11AE7DBE27EC6F4D0033371F;
					};
					11AE7DDD27EC6F4E0033371F = {
						CreatedOnToolsVersion = 13.0;
						TestTargetID = 11AE7DBE27EC6F4D0033371F;
					};
				};
			};
			buildConfigurationList = 11AE7DBA27EC6F4D0033371F /* Build configuration list for PBXProject "readMoon" */;
			compatibilityVersion = "Xcode 13.0";
			developmentRegion = en;
			hasScannedForEncodings = 0;
			knownRegions = (
				en,
				Base,
			);
			mainGroup = 11AE7DB627EC6F4D0033371F;
			packageReferences = (
				110DA50327F54CEF00751813 /* XCRemoteSwiftPackageReference "realm-swift" */,
			);
			productRefGroup = 11AE7DC027EC6F4D0033371F /* Products */;
			projectDirPath = "";
			projectRoot = "";
			targets = (
				11AE7DBE27EC6F4D0033371F /* readMoon */,
				11AE7DD327EC6F4E0033371F /* readMoonTests */,
				11AE7DDD27EC6F4E0033371F /* readMoonUITests */,
			);
		};
/* End PBXProject section */

/* Begin PBXResourcesBuildPhase section */
		11AE7DBD27EC6F4D0033371F /* Resources */ = {
			isa = PBXResourcesBuildPhase;
			buildActionMask = 2147483647;
			files = (
				11AE7DCA27EC6F4E0033371F /* Preview Assets.xcassets in Resources */,
				11AE7DC727EC6F4E0033371F /* Assets.xcassets in Resources */,
			);
			runOnlyForDeploymentPostprocessing = 0;
		};
		11AE7DD227EC6F4E0033371F /* Resources */ = {
			isa = PBXResourcesBuildPhase;
			buildActionMask = 2147483647;
			files = (
			);
			runOnlyForDeploymentPostprocessing = 0;
		};
		11AE7DDC27EC6F4E0033371F /* Resources */ = {
			isa = PBXResourcesBuildPhase;
			buildActionMask = 2147483647;
			files = (
			);
			runOnlyForDeploymentPostprocessing = 0;
		};
/* End PBXResourcesBuildPhase section */

/* Begin PBXSourcesBuildPhase section */
		11AE7DBB27EC6F4D0033371F /* Sources */ = {
			isa = PBXSourcesBuildPhase;
			buildActionMask = 2147483647;
			files = (
				1106146527EF67AE008567B8 /* String+Extension.swift in Sources */,
				11AE7DCC27EC6F4E0033371F /* Persistence.swift in Sources */,
				110DA4FA27F546EB00751813 /* MenstrualCycleModel.swift in Sources */,
				11AE7DF727EC70CA0033371F /* SplashContentView.swift in Sources */,
				11815B5C27F1366B00ED259A /* HomeViewModel.swift in Sources */,
				112F901A27F2F99500377C7F /* PrintLog.swift in Sources */,
				11AE7DFA27EDF7C00033371F /* MainTabBar.swift in Sources */,
				11AE7DC527EC6F4D0033371F /* ContentView.swift in Sources */,
				11AE7DCF27EC6F4E0033371F /* readMoon.xcdatamodeld in Sources */,
				11B0B428280ED11900F54E47 /* OverlayModifier.swift in Sources */,
				11815B5F27F137AE00ED259A /* CommonViewModel.swift in Sources */,
				11AE7DF227EC702B0033371F /* HomeContentView.swift in Sources */,
				11B0B420280EC3A100F54E47 /* BottomSheetView.swift in Sources */,
				11AE7DC327EC6F4D0033371F /* readMoonApp.swift in Sources */,
				1106146727EF67EB008567B8 /* Date+Extension.swift in Sources */,
			);
			runOnlyForDeploymentPostprocessing = 0;
		};
		11AE7DD027EC6F4E0033371F /* Sources */ = {
			isa = PBXSourcesBuildPhase;
			buildActionMask = 2147483647;
			files = (
				11AE7DD927EC6F4E0033371F /* readMoonTests.swift in Sources */,
			);
			runOnlyForDeploymentPostprocessing = 0;
		};
		11AE7DDA27EC6F4E0033371F /* Sources */ = {
			isa = PBXSourcesBuildPhase;
			buildActionMask = 2147483647;
			files = (
				11AE7DE527EC6F4E0033371F /* readMoonUITestsLaunchTests.swift in Sources */,
				11AE7DE327EC6F4E0033371F /* readMoonUITests.swift in Sources */,
			);
			runOnlyForDeploymentPostprocessing = 0;
		};
/* End PBXSourcesBuildPhase section */

/* Begin PBXTargetDependency section */
		11AE7DD627EC6F4E0033371F /* PBXTargetDependency */ = {
			isa = PBXTargetDependency;
			target = 11AE7DBE27EC6F4D0033371F /* readMoon */;
			targetProxy = 11AE7DD527EC6F4E0033371F /* PBXContainerItemProxy */;
		};
		11AE7DE027EC6F4E0033371F /* PBXTargetDependency */ = {
			isa = PBXTargetDependency;
			target = 11AE7DBE27EC6F4D0033371F /* readMoon */;
			targetProxy = 11AE7DDF27EC6F4E0033371F /* PBXContainerItemProxy */;
		};
/* End PBXTargetDependency section */

/* Begin XCBuildConfiguration section */
		11AE7DE627EC6F4E0033371F /* Debug */ = {
			isa = XCBuildConfiguration;
			buildSettings = {
				ALWAYS_SEARCH_USER_PATHS = NO;
				CLANG_ANALYZER_NONNULL = YES;
				CLANG_ANALYZER_NUMBER_OBJECT_CONVERSION = YES_AGGRESSIVE;
				CLANG_CXX_LANGUAGE_STANDARD = "gnu++17";
				CLANG_CXX_LIBRARY = "libc++";
				CLANG_ENABLE_MODULES = YES;
				CLANG_ENABLE_OBJC_ARC = YES;
				CLANG_ENABLE_OBJC_WEAK = YES;
				CLANG_WARN_BLOCK_CAPTURE_AUTORELEASING = YES;
				CLANG_WARN_BOOL_CONVERSION = YES;
				CLANG_WARN_COMMA = YES;
				CLANG_WARN_CONSTANT_CONVERSION = YES;
				CLANG_WARN_DEPRECATED_OBJC_IMPLEMENTATIONS = YES;
				CLANG_WARN_DIRECT_OBJC_ISA_USAGE = YES_ERROR;
				CLANG_WARN_DOCUMENTATION_COMMENTS = YES;
				CLANG_WARN_EMPTY_BODY = YES;
				CLANG_WARN_ENUM_CONVERSION = YES;
				CLANG_WARN_INFINITE_RECURSION = YES;
				CLANG_WARN_INT_CONVERSION = YES;
				CLANG_WARN_NON_LITERAL_NULL_CONVERSION = YES;
				CLANG_WARN_OBJC_IMPLICIT_RETAIN_SELF = YES;
				CLANG_WARN_OBJC_LITERAL_CONVERSION = YES;
				CLANG_WARN_OBJC_ROOT_CLASS = YES_ERROR;
				CLANG_WARN_QUOTED_INCLUDE_IN_FRAMEWORK_HEADER = YES;
				CLANG_WARN_RANGE_LOOP_ANALYSIS = YES;
				CLANG_WARN_STRICT_PROTOTYPES = YES;
				CLANG_WARN_SUSPICIOUS_MOVE = YES;
				CLANG_WARN_UNGUARDED_AVAILABILITY = YES_AGGRESSIVE;
				CLANG_WARN_UNREACHABLE_CODE = YES;
				CLANG_WARN__DUPLICATE_METHOD_MATCH = YES;
				COPY_PHASE_STRIP = NO;
				DEBUG_INFORMATION_FORMAT = dwarf;
				ENABLE_STRICT_OBJC_MSGSEND = YES;
				ENABLE_TESTABILITY = YES;
				GCC_C_LANGUAGE_STANDARD = gnu11;
				GCC_DYNAMIC_NO_PIC = NO;
				GCC_NO_COMMON_BLOCKS = YES;
				GCC_OPTIMIZATION_LEVEL = 0;
				GCC_PREPROCESSOR_DEFINITIONS = (
					"DEBUG=1",
					"$(inherited)",
				);
				GCC_WARN_64_TO_32_BIT_CONVERSION = YES;
				GCC_WARN_ABOUT_RETURN_TYPE = YES_ERROR;
				GCC_WARN_UNDECLARED_SELECTOR = YES;
				GCC_WARN_UNINITIALIZED_AUTOS = YES_AGGRESSIVE;
				GCC_WARN_UNUSED_FUNCTION = YES;
				GCC_WARN_UNUSED_VARIABLE = YES;
				IPHONEOS_DEPLOYMENT_TARGET = 15.0;
				MTL_ENABLE_DEBUG_INFO = INCLUDE_SOURCE;
				MTL_FAST_MATH = YES;
				ONLY_ACTIVE_ARCH = YES;
				SDKROOT = iphoneos;
				SWIFT_ACTIVE_COMPILATION_CONDITIONS = DEBUG;
				SWIFT_OPTIMIZATION_LEVEL = "-Onone";
			};
			name = Debug;
		};
		11AE7DE727EC6F4E0033371F /* Release */ = {
			isa = XCBuildConfiguration;
			buildSettings = {
				ALWAYS_SEARCH_USER_PATHS = NO;
				CLANG_ANALYZER_NONNULL = YES;
				CLANG_ANALYZER_NUMBER_OBJECT_CONVERSION = YES_AGGRESSIVE;
				CLANG_CXX_LANGUAGE_STANDARD = "gnu++17";
				CLANG_CXX_LIBRARY = "libc++";
				CLANG_ENABLE_MODULES = YES;
				CLANG_ENABLE_OBJC_ARC = YES;
				CLANG_ENABLE_OBJC_WEAK = YES;
				CLANG_WARN_BLOCK_CAPTURE_AUTORELEASING = YES;
				CLANG_WARN_BOOL_CONVERSION = YES;
				CLANG_WARN_COMMA = YES;
				CLANG_WARN_CONSTANT_CONVERSION = YES;
				CLANG_WARN_DEPRECATED_OBJC_IMPLEMENTATIONS = YES;
				CLANG_WARN_DIRECT_OBJC_ISA_USAGE = YES_ERROR;
				CLANG_WARN_DOCUMENTATION_COMMENTS = YES;
				CLANG_WARN_EMPTY_BODY = YES;
				CLANG_WARN_ENUM_CONVERSION = YES;
				CLANG_WARN_INFINITE_RECURSION = YES;
				CLANG_WARN_INT_CONVERSION = YES;
				CLANG_WARN_NON_LITERAL_NULL_CONVERSION = YES;
				CLANG_WARN_OBJC_IMPLICIT_RETAIN_SELF = YES;
				CLANG_WARN_OBJC_LITERAL_CONVERSION = YES;
				CLANG_WARN_OBJC_ROOT_CLASS = YES_ERROR;
				CLANG_WARN_QUOTED_INCLUDE_IN_FRAMEWORK_HEADER = YES;
				CLANG_WARN_RANGE_LOOP_ANALYSIS = YES;
				CLANG_WARN_STRICT_PROTOTYPES = YES;
				CLANG_WARN_SUSPICIOUS_MOVE = YES;
				CLANG_WARN_UNGUARDED_AVAILABILITY = YES_AGGRESSIVE;
				CLANG_WARN_UNREACHABLE_CODE = YES;
				CLANG_WARN__DUPLICATE_METHOD_MATCH = YES;
				COPY_PHASE_STRIP = NO;
				DEBUG_INFORMATION_FORMAT = "dwarf-with-dsym";
				ENABLE_NS_ASSERTIONS = NO;
				ENABLE_STRICT_OBJC_MSGSEND = YES;
				GCC_C_LANGUAGE_STANDARD = gnu11;
				GCC_NO_COMMON_BLOCKS = YES;
				GCC_WARN_64_TO_32_BIT_CONVERSION = YES;
				GCC_WARN_ABOUT_RETURN_TYPE = YES_ERROR;
				GCC_WARN_UNDECLARED_SELECTOR = YES;
				GCC_WARN_UNINITIALIZED_AUTOS = YES_AGGRESSIVE;
				GCC_WARN_UNUSED_FUNCTION = YES;
				GCC_WARN_UNUSED_VARIABLE = YES;
				IPHONEOS_DEPLOYMENT_TARGET = 15.0;
				MTL_ENABLE_DEBUG_INFO = NO;
				MTL_FAST_MATH = YES;
				SDKROOT = iphoneos;
				SWIFT_COMPILATION_MODE = wholemodule;
				SWIFT_OPTIMIZATION_LEVEL = "-O";
				VALIDATE_PRODUCT = YES;
			};
			name = Release;
		};
		11AE7DE927EC6F4E0033371F /* Debug */ = {
			isa = XCBuildConfiguration;
			buildSettings = {
				ASSETCATALOG_COMPILER_APPICON_NAME = AppIcon;
				ASSETCATALOG_COMPILER_GLOBAL_ACCENT_COLOR_NAME = AccentColor;
				CODE_SIGN_STYLE = Automatic;
				CURRENT_PROJECT_VERSION = 1;
				DEVELOPMENT_ASSET_PATHS = "\"readMoon/Preview Content\"";
				DEVELOPMENT_TEAM = M88NQK2Z77;
				ENABLE_PREVIEWS = YES;
				GENERATE_INFOPLIST_FILE = YES;
				INFOPLIST_KEY_UIApplicationSceneManifest_Generation = YES;
				INFOPLIST_KEY_UIApplicationSupportsIndirectInputEvents = YES;
				INFOPLIST_KEY_UILaunchScreen_Generation = YES;
				INFOPLIST_KEY_UISupportedInterfaceOrientations_iPad = "UIInterfaceOrientationPortrait UIInterfaceOrientationPortraitUpsideDown UIInterfaceOrientationLandscapeLeft UIInterfaceOrientationLandscapeRight";
				INFOPLIST_KEY_UISupportedInterfaceOrientations_iPhone = "UIInterfaceOrientationPortrait UIInterfaceOrientationLandscapeLeft UIInterfaceOrientationLandscapeRight";
				IPHONEOS_DEPLOYMENT_TARGET = 14.0;
				LD_RUNPATH_SEARCH_PATHS = (
					"$(inherited)",
					"@executable_path/Frameworks",
				);
				MARKETING_VERSION = 1.0;
				PRODUCT_BUNDLE_IDENTIFIER = com.jb.readMoon;
				PRODUCT_NAME = "$(TARGET_NAME)";
				SWIFT_EMIT_LOC_STRINGS = YES;
				SWIFT_VERSION = 5.0;
				TARGETED_DEVICE_FAMILY = 1;
			};
			name = Debug;
		};
		11AE7DEA27EC6F4E0033371F /* Release */ = {
			isa = XCBuildConfiguration;
			buildSettings = {
				ASSETCATALOG_COMPILER_APPICON_NAME = AppIcon;
				ASSETCATALOG_COMPILER_GLOBAL_ACCENT_COLOR_NAME = AccentColor;
				CODE_SIGN_STYLE = Automatic;
				CURRENT_PROJECT_VERSION = 1;
				DEVELOPMENT_ASSET_PATHS = "\"readMoon/Preview Content\"";
				DEVELOPMENT_TEAM = M88NQK2Z77;
				ENABLE_PREVIEWS = YES;
				GENERATE_INFOPLIST_FILE = YES;
				INFOPLIST_KEY_UIApplicationSceneManifest_Generation = YES;
				INFOPLIST_KEY_UIApplicationSupportsIndirectInputEvents = YES;
				INFOPLIST_KEY_UILaunchScreen_Generation = YES;
				INFOPLIST_KEY_UISupportedInterfaceOrientations_iPad = "UIInterfaceOrientationPortrait UIInterfaceOrientationPortraitUpsideDown UIInterfaceOrientationLandscapeLeft UIInterfaceOrientationLandscapeRight";
				INFOPLIST_KEY_UISupportedInterfaceOrientations_iPhone = "UIInterfaceOrientationPortrait UIInterfaceOrientationLandscapeLeft UIInterfaceOrientationLandscapeRight";
				IPHONEOS_DEPLOYMENT_TARGET = 14.0;
				LD_RUNPATH_SEARCH_PATHS = (
					"$(inherited)",
					"@executable_path/Frameworks",
				);
				MARKETING_VERSION = 1.0;
				PRODUCT_BUNDLE_IDENTIFIER = com.jb.readMoon;
				PRODUCT_NAME = "$(TARGET_NAME)";
				SWIFT_EMIT_LOC_STRINGS = YES;
				SWIFT_VERSION = 5.0;
				TARGETED_DEVICE_FAMILY = 1;
			};
			name = Release;
		};
		11AE7DEC27EC6F4E0033371F /* Debug */ = {
			isa = XCBuildConfiguration;
			buildSettings = {
				ALWAYS_EMBED_SWIFT_STANDARD_LIBRARIES = YES;
				BUNDLE_LOADER = "$(TEST_HOST)";
				CODE_SIGN_STYLE = Automatic;
				CURRENT_PROJECT_VERSION = 1;
				DEVELOPMENT_TEAM = M88NQK2Z77;
				GENERATE_INFOPLIST_FILE = YES;
				IPHONEOS_DEPLOYMENT_TARGET = 14.0;
				LD_RUNPATH_SEARCH_PATHS = (
					"$(inherited)",
					"@executable_path/Frameworks",
					"@loader_path/Frameworks",
				);
				MARKETING_VERSION = 1.0;
				PRODUCT_BUNDLE_IDENTIFIER = com.jb.readMoonTests;
				PRODUCT_NAME = "$(TARGET_NAME)";
				SWIFT_EMIT_LOC_STRINGS = NO;
				SWIFT_VERSION = 5.0;
				TARGETED_DEVICE_FAMILY = "1,2";
				TEST_HOST = "$(BUILT_PRODUCTS_DIR)/readMoon.app/readMoon";
			};
			name = Debug;
		};
		11AE7DED27EC6F4E0033371F /* Release */ = {
			isa = XCBuildConfiguration;
			buildSettings = {
				ALWAYS_EMBED_SWIFT_STANDARD_LIBRARIES = YES;
				BUNDLE_LOADER = "$(TEST_HOST)";
				CODE_SIGN_STYLE = Automatic;
				CURRENT_PROJECT_VERSION = 1;
				DEVELOPMENT_TEAM = M88NQK2Z77;
				GENERATE_INFOPLIST_FILE = YES;
				IPHONEOS_DEPLOYMENT_TARGET = 14.0;
				LD_RUNPATH_SEARCH_PATHS = (
					"$(inherited)",
					"@executable_path/Frameworks",
					"@loader_path/Frameworks",
				);
				MARKETING_VERSION = 1.0;
				PRODUCT_BUNDLE_IDENTIFIER = com.jb.readMoonTests;
				PRODUCT_NAME = "$(TARGET_NAME)";
				SWIFT_EMIT_LOC_STRINGS = NO;
				SWIFT_VERSION = 5.0;
				TARGETED_DEVICE_FAMILY = "1,2";
				TEST_HOST = "$(BUILT_PRODUCTS_DIR)/readMoon.app/readMoon";
			};
			name = Release;
		};
		11AE7DEF27EC6F4E0033371F /* Debug */ = {
			isa = XCBuildConfiguration;
			buildSettings = {
				ALWAYS_EMBED_SWIFT_STANDARD_LIBRARIES = YES;
				CODE_SIGN_STYLE = Automatic;
				CURRENT_PROJECT_VERSION = 1;
				DEVELOPMENT_TEAM = M88NQK2Z77;
				GENERATE_INFOPLIST_FILE = YES;
				LD_RUNPATH_SEARCH_PATHS = (
					"$(inherited)",
					"@executable_path/Frameworks",
					"@loader_path/Frameworks",
				);
				MARKETING_VERSION = 1.0;
				PRODUCT_BUNDLE_IDENTIFIER = com.jb.readMoonUITests;
				PRODUCT_NAME = "$(TARGET_NAME)";
				SWIFT_EMIT_LOC_STRINGS = NO;
				SWIFT_VERSION = 5.0;
				TARGETED_DEVICE_FAMILY = "1,2";
				TEST_TARGET_NAME = readMoon;
			};
			name = Debug;
		};
		11AE7DF027EC6F4E0033371F /* Release */ = {
			isa = XCBuildConfiguration;
			buildSettings = {
				ALWAYS_EMBED_SWIFT_STANDARD_LIBRARIES = YES;
				CODE_SIGN_STYLE = Automatic;
				CURRENT_PROJECT_VERSION = 1;
				DEVELOPMENT_TEAM = M88NQK2Z77;
				GENERATE_INFOPLIST_FILE = YES;
				LD_RUNPATH_SEARCH_PATHS = (
					"$(inherited)",
					"@executable_path/Frameworks",
					"@loader_path/Frameworks",
				);
				MARKETING_VERSION = 1.0;
				PRODUCT_BUNDLE_IDENTIFIER = com.jb.readMoonUITests;
				PRODUCT_NAME = "$(TARGET_NAME)";
				SWIFT_EMIT_LOC_STRINGS = NO;
				SWIFT_VERSION = 5.0;
				TARGETED_DEVICE_FAMILY = "1,2";
				TEST_TARGET_NAME = readMoon;
			};
			name = Release;
		};
/* End XCBuildConfiguration section */

/* Begin XCConfigurationList section */
		11AE7DBA27EC6F4D0033371F /* Build configuration list for PBXProject "readMoon" */ = {
			isa = XCConfigurationList;
			buildConfigurations = (
				11AE7DE627EC6F4E0033371F /* Debug */,
				11AE7DE727EC6F4E0033371F /* Release */,
			);
			defaultConfigurationIsVisible = 0;
			defaultConfigurationName = Release;
		};
		11AE7DE827EC6F4E0033371F /* Build configuration list for PBXNativeTarget "readMoon" */ = {
			isa = XCConfigurationList;
			buildConfigurations = (
				11AE7DE927EC6F4E0033371F /* Debug */,
				11AE7DEA27EC6F4E0033371F /* Release */,
			);
			defaultConfigurationIsVisible = 0;
			defaultConfigurationName = Release;
		};
		11AE7DEB27EC6F4E0033371F /* Build configuration list for PBXNativeTarget "readMoonTests" */ = {
			isa = XCConfigurationList;
			buildConfigurations = (
				11AE7DEC27EC6F4E0033371F /* Debug */,
				11AE7DED27EC6F4E0033371F /* Release */,
			);
			defaultConfigurationIsVisible = 0;
			defaultConfigurationName = Release;
		};
		11AE7DEE27EC6F4E0033371F /* Build configuration list for PBXNativeTarget "readMoonUITests" */ = {
			isa = XCConfigurationList;
			buildConfigurations = (
				11AE7DEF27EC6F4E0033371F /* Debug */,
				11AE7DF027EC6F4E0033371F /* Release */,
			);
			defaultConfigurationIsVisible = 0;
			defaultConfigurationName = Release;
		};
/* End XCConfigurationList section */

/* Begin XCRemoteSwiftPackageReference section */
		110DA50327F54CEF00751813 /* XCRemoteSwiftPackageReference "realm-swift" */ = {
			isa = XCRemoteSwiftPackageReference;
			repositoryURL = "https://github.com/realm/realm-swift.git";
			requirement = {
				branch = master;
				kind = branch;
			};
		};
/* End XCRemoteSwiftPackageReference section */

/* Begin XCSwiftPackageProductDependency section */
		110DA50427F54CEF00751813 /* Realm */ = {
			isa = XCSwiftPackageProductDependency;
			package = 110DA50327F54CEF00751813 /* XCRemoteSwiftPackageReference "realm-swift" */;
			productName = Realm;
		};
		110DA50627F54CEF00751813 /* RealmSwift */ = {
			isa = XCSwiftPackageProductDependency;
			package = 110DA50327F54CEF00751813 /* XCRemoteSwiftPackageReference "realm-swift" */;
			productName = RealmSwift;
		};
/* End XCSwiftPackageProductDependency section */

/* Begin XCVersionGroup section */
		11AE7DCD27EC6F4E0033371F /* readMoon.xcdatamodeld */ = {
			isa = XCVersionGroup;
			children = (
				11AE7DCE27EC6F4E0033371F /* readMoon.xcdatamodel */,
			);
			currentVersion = 11AE7DCE27EC6F4E0033371F /* readMoon.xcdatamodel */;
			path = readMoon.xcdatamodeld;
			sourceTree = "<group>";
			versionGroupType = wrapper.xcdatamodel;
		};
/* End XCVersionGroup section */
	};
	rootObject = 11AE7DB727EC6F4D0033371F /* Project object */;
}
